
Microsoft Visual Studio Solution File, Format Version 12.00
# Visual Studio Version 16
VisualStudioVersion = 16.0.31729.503
MinimumVisualStudioVersion = 10.0.40219.1
Project("{9A19103F-16F7-4668-BE54-9A1E7A4F7556}") = "MarsRover.Tests", "MarsRover.Tests\MarsRover.Tests.csproj", "{FC0BF5F1-CAFE-426C-9A85-648EB8912445}"
EndProject
Project("{9A19103F-16F7-4668-BE54-9A1E7A4F7556}") = "MarsRover.Core", "MarsRover.Core\MarsRover.Core.csproj", "{22EF1402-4558-42FC-906F-62AC7F649C8D}"
EndProject
Project("{FAE04EC0-301F-11D3-BF4B-00C04F79EFBC}") = "MarsRover.Application", "MarsRover.Application\MarsRover.Application.csproj", "{5621C8AA-5821-4CAA-9F42-442A37D0103B}"
EndProject
Global
	GlobalSection(SolutionConfigurationPlatforms) = preSolution
		Debug|Any CPU = Debug|Any CPU
		Release|Any CPU = Release|Any CPU
	EndGlobalSection
	GlobalSection(ProjectConfigurationPlatforms) = postSolution
		{FC0BF5F1-CAFE-426C-9A85-648EB8912445}.Debug|Any CPU.ActiveCfg = Debug|Any CPU
		{FC0BF5F1-CAFE-426C-9A85-648EB8912445}.Debug|Any CPU.Build.0 = Debug|Any CPU
		{FC0BF5F1-CAFE-426C-9A85-648EB8912445}.Release|Any CPU.ActiveCfg = Release|Any CPU
		{FC0BF5F1-CAFE-426C-9A85-648EB8912445}.Release|Any CPU.Build.0 = Release|Any CPU
		{22EF1402-4558-42FC-906F-62AC7F649C8D}.Debug|Any CPU.ActiveCfg = Debug|Any CPU
		{22EF1402-4558-42FC-906F-62AC7F649C8D}.Debug|Any CPU.Build.0 = Debug|Any CPU
		{22EF1402-4558-42FC-906F-62AC7F649C8D}.Release|Any CPU.ActiveCfg = Release|Any CPU
		{22EF1402-4558-42FC-906F-62AC7F649C8D}.Release|Any CPU.Build.0 = Release|Any CPU
		{5621C8AA-5821-4CAA-9F42-442A37D0103B}.Debug|Any CPU.ActiveCfg = Debug|Any CPU
		{5621C8AA-5821-4CAA-9F42-442A37D0103B}.Debug|Any CPU.Build.0 = Debug|Any CPU
		{5621C8AA-5821-4CAA-9F42-442A37D0103B}.Release|Any CPU.ActiveCfg = Release|Any CPU
		{5621C8AA-5821-4CAA-9F42-442A37D0103B}.Release|Any CPU.Build.0 = Release|Any CPU
	EndGlobalSection
	GlobalSection(SolutionProperties) = preSolution
		HideSolutionNode = FALSE
	EndGlobalSection
	GlobalSection(ExtensibilityGlobals) = postSolution
		SolutionGuid = {28D0933C-57F2-465B-9D0F-23408E67C712}
	EndGlobalSection
EndGlobal
